
Microsoft Visual Studio Solution File, Format Version 12.00
# Visual Studio Version 17
VisualStudioVersion = 17.10.35013.160
MinimumVisualStudioVersion = 10.0.40219.1
Project("{9A19103F-16F7-4668-BE54-9A1E7A4F7556}") = "MausiManager", "MausiManager.csproj", "{0368C521-1A8F-4E86-A880-2A4DC17CC8CE}"
	ProjectSection(ProjectDependencies) = postProject
		{0885B661-CE80-45D8-A9B4-3D276F36EBFC} = {0885B661-CE80-45D8-A9B4-3D276F36EBFC}
	EndProjectSection
EndProject
Project("{2150E333-8FDC-42A3-9474-1A3956D46DE8}") = "Solution Items", "Solution Items", "{D3781E06-0018-4FFF-9257-23ED49DEC7F6}"
	ProjectSection(SolutionItems) = preProject
		Resources.Designer.t4 = Resources.Designer.t4
	EndProjectSection
EndProject
Project("{9A19103F-16F7-4668-BE54-9A1E7A4F7556}") = "ConsoleControl.WPF", "ConsoleControl\ConsoleControl.WPF\ConsoleControl.WPF.csproj", "{0885B661-CE80-45D8-A9B4-3D276F36EBFC}"
EndProject
Project("{9A19103F-16F7-4668-BE54-9A1E7A4F7556}") = "ConsoleControlAPI", "ConsoleControl\ConsoleControlAPI\ConsoleControlAPI.csproj", "{1686EFBC-16B2-4320-9A5B-C881B2F398DB}"
EndProject
Project("{FAE04EC0-301F-11D3-BF4B-00C04F79EFBC}") = "WiCAM.Pn4000.PN3D", "PN3D\WiCAM.Pn4000.PN3D.csproj", "{2C5697C8-A0E5-AA5B-FC70-BCAD636BA44D}"
EndProject
Project("{FAE04EC0-301F-11D3-BF4B-00C04F79EFBC}") = "WiCAM.Pn4000.Contracts", "Contracts\WiCAM.Pn4000.Contracts.csproj", "{CA3A5666-9B0F-BB4B-6133-5728D3A56607}"
EndProject
Project("{FAE04EC0-301F-11D3-BF4B-00C04F79EFBC}") = "WiCAM.Pn4000.PKernelFlow.Adapters", "PKernelFlowAdapters\WiCAM.Pn4000.PKernelFlow.Adapters.csproj", "{315A41B6-5E29-F254-B4C4-701809EC0BC9}"
EndProject
Project("{FAE04EC0-301F-11D3-BF4B-00C04F79EFBC}") = "WiCAM.Pn4000.PKernelFlow", "PKernelFlow\WiCAM.Pn4000.PKernelFlow.csproj", "{B1CA9D38-4E29-F60A-812F-09BCDFDF3FFA}"
EndProject
Project("{FAE04EC0-301F-11D3-BF4B-00C04F79EFBC}") = "WiCAM.Pn4000.BendDoc", "BendDoc\WiCAM.Pn4000.BendDoc.csproj", "{51716600-CCBD-F4E7-84DA-7067B6B038EC}"
EndProject
Project("{FAE04EC0-301F-11D3-BF4B-00C04F79EFBC}") = "WiCAM.Pn4000.GuiWpf", "GuiWPF\WiCAM.Pn4000.GuiWpf.csproj", "{BA352ABF-2BD5-0042-631C-F4E6640509C3}"
EndProject
Project("{FAE04EC0-301F-11D3-BF4B-00C04F79EFBC}") = "pncommon", "pncommon\pncommon.csproj", "{52243A9F-B351-1ADB-94B7-704296D66EB5}"
EndProject
Global
	GlobalSection(SolutionConfigurationPlatforms) = preSolution
		Debug|Any CPU = Debug|Any CPU
		Debug|x86 = Debug|x86
		Release|Any CPU = Release|Any CPU
		Release|x86 = Release|x86
		Test|Any CPU = Test|Any CPU
		Test|x86 = Test|x86
	EndGlobalSection
	GlobalSection(ProjectConfigurationPlatforms) = postSolution
		{0368C521-1A8F-4E86-A880-2A4DC17CC8CE}.Debug|Any CPU.ActiveCfg = Debug|Any CPU
		{0368C521-1A8F-4E86-A880-2A4DC17CC8CE}.Debug|Any CPU.Build.0 = Debug|Any CPU
		{0368C521-1A8F-4E86-A880-2A4DC17CC8CE}.Debug|x86.ActiveCfg = Debug|Any CPU
		{0368C521-1A8F-4E86-A880-2A4DC17CC8CE}.Debug|x86.Build.0 = Debug|Any CPU
		{0368C521-1A8F-4E86-A880-2A4DC17CC8CE}.Release|Any CPU.ActiveCfg = Release|Any CPU
		{0368C521-1A8F-4E86-A880-2A4DC17CC8CE}.Release|Any CPU.Build.0 = Release|Any CPU
		{0368C521-1A8F-4E86-A880-2A4DC17CC8CE}.Release|x86.ActiveCfg = Release|x86
		{0368C521-1A8F-4E86-A880-2A4DC17CC8CE}.Release|x86.Build.0 = Release|x86
		{0368C521-1A8F-4E86-A880-2A4DC17CC8CE}.Test|Any CPU.ActiveCfg = Test|Any CPU
		{0368C521-1A8F-4E86-A880-2A4DC17CC8CE}.Test|Any CPU.Build.0 = Test|Any CPU
		{0368C521-1A8F-4E86-A880-2A4DC17CC8CE}.Test|x86.ActiveCfg = Test|x86
		{0368C521-1A8F-4E86-A880-2A4DC17CC8CE}.Test|x86.Build.0 = Test|x86
		{0885B661-CE80-45D8-A9B4-3D276F36EBFC}.Debug|Any CPU.ActiveCfg = Debug|Any CPU
		{0885B661-CE80-45D8-A9B4-3D276F36EBFC}.Debug|Any CPU.Build.0 = Debug|Any CPU
		{0885B661-CE80-45D8-A9B4-3D276F36EBFC}.Debug|x86.ActiveCfg = Debug|Any CPU
		{0885B661-CE80-45D8-A9B4-3D276F36EBFC}.Debug|x86.Build.0 = Debug|Any CPU
		{0885B661-CE80-45D8-A9B4-3D276F36EBFC}.Release|Any CPU.ActiveCfg = Release|Any CPU
		{0885B661-CE80-45D8-A9B4-3D276F36EBFC}.Release|Any CPU.Build.0 = Release|Any CPU
		{0885B661-CE80-45D8-A9B4-3D276F36EBFC}.Release|x86.ActiveCfg = Release|Any CPU
		{0885B661-CE80-45D8-A9B4-3D276F36EBFC}.Release|x86.Build.0 = Release|Any CPU
		{0885B661-CE80-45D8-A9B4-3D276F36EBFC}.Test|Any CPU.ActiveCfg = Debug|Any CPU
		{0885B661-CE80-45D8-A9B4-3D276F36EBFC}.Test|Any CPU.Build.0 = Debug|Any CPU
		{0885B661-CE80-45D8-A9B4-3D276F36EBFC}.Test|x86.ActiveCfg = Debug|Any CPU
		{0885B661-CE80-45D8-A9B4-3D276F36EBFC}.Test|x86.Build.0 = Debug|Any CPU
		{1686EFBC-16B2-4320-9A5B-C881B2F398DB}.Debug|Any CPU.ActiveCfg = Debug|Any CPU
		{1686EFBC-16B2-4320-9A5B-C881B2F398DB}.Debug|Any CPU.Build.0 = Debug|Any CPU
		{1686EFBC-16B2-4320-9A5B-C881B2F398DB}.Debug|x86.ActiveCfg = Debug|Any CPU
		{1686EFBC-16B2-4320-9A5B-C881B2F398DB}.Debug|x86.Build.0 = Debug|Any CPU
		{1686EFBC-16B2-4320-9A5B-C881B2F398DB}.Release|Any CPU.ActiveCfg = Release|Any CPU
		{1686EFBC-16B2-4320-9A5B-C881B2F398DB}.Release|Any CPU.Build.0 = Release|Any CPU
		{1686EFBC-16B2-4320-9A5B-C881B2F398DB}.Release|x86.ActiveCfg = Release|Any CPU
		{1686EFBC-16B2-4320-9A5B-C881B2F398DB}.Release|x86.Build.0 = Release|Any CPU
		{1686EFBC-16B2-4320-9A5B-C881B2F398DB}.Test|Any CPU.ActiveCfg = Debug|Any CPU
		{1686EFBC-16B2-4320-9A5B-C881B2F398DB}.Test|Any CPU.Build.0 = Debug|Any CPU
		{1686EFBC-16B2-4320-9A5B-C881B2F398DB}.Test|x86.ActiveCfg = Debug|Any CPU
		{1686EFBC-16B2-4320-9A5B-C881B2F398DB}.Test|x86.Build.0 = Debug|Any CPU
		{2C5697C8-A0E5-AA5B-FC70-BCAD636BA44D}.Debug|Any CPU.ActiveCfg = Debug|Any CPU
		{2C5697C8-A0E5-AA5B-FC70-BCAD636BA44D}.Debug|Any CPU.Build.0 = Debug|Any CPU
		{2C5697C8-A0E5-AA5B-FC70-BCAD636BA44D}.Debug|x86.ActiveCfg = Debug|Any CPU
		{2C5697C8-A0E5-AA5B-FC70-BCAD636BA44D}.Debug|x86.Build.0 = Debug|Any CPU
		{2C5697C8-A0E5-AA5B-FC70-BCAD636BA44D}.Release|Any CPU.ActiveCfg = Release|Any CPU
		{2C5697C8-A0E5-AA5B-FC70-BCAD636BA44D}.Release|Any CPU.Build.0 = Release|Any CPU
		{2C5697C8-A0E5-AA5B-FC70-BCAD636BA44D}.Release|x86.ActiveCfg = Release|Any CPU
		{2C5697C8-A0E5-AA5B-FC70-BCAD636BA44D}.Release|x86.Build.0 = Release|Any CPU
		{2C5697C8-A0E5-AA5B-FC70-BCAD636BA44D}.Test|Any CPU.ActiveCfg = Debug|Any CPU
		{2C5697C8-A0E5-AA5B-FC70-BCAD636BA44D}.Test|Any CPU.Build.0 = Debug|Any CPU
		{2C5697C8-A0E5-AA5B-FC70-BCAD636BA44D}.Test|x86.ActiveCfg = Debug|Any CPU
		{2C5697C8-A0E5-AA5B-FC70-BCAD636BA44D}.Test|x86.Build.0 = Debug|Any CPU
		{CA3A5666-9B0F-BB4B-6133-5728D3A56607}.Debug|Any CPU.ActiveCfg = Debug|Any CPU
		{CA3A5666-9B0F-BB4B-6133-5728D3A56607}.Debug|Any CPU.Build.0 = Debug|Any CPU
		{CA3A5666-9B0F-BB4B-6133-5728D3A56607}.Debug|x86.ActiveCfg = Debug|Any CPU
		{CA3A5666-9B0F-BB4B-6133-5728D3A56607}.Debug|x86.Build.0 = Debug|Any CPU
		{CA3A5666-9B0F-BB4B-6133-5728D3A56607}.Release|Any CPU.ActiveCfg = Release|Any CPU
		{CA3A5666-9B0F-BB4B-6133-5728D3A56607}.Release|Any CPU.Build.0 = Release|Any CPU
		{CA3A5666-9B0F-BB4B-6133-5728D3A56607}.Release|x86.ActiveCfg = Release|Any CPU
		{CA3A5666-9B0F-BB4B-6133-5728D3A56607}.Release|x86.Build.0 = Release|Any CPU
		{CA3A5666-9B0F-BB4B-6133-5728D3A56607}.Test|Any CPU.ActiveCfg = Debug|Any CPU
		{CA3A5666-9B0F-BB4B-6133-5728D3A56607}.Test|Any CPU.Build.0 = Debug|Any CPU
		{CA3A5666-9B0F-BB4B-6133-5728D3A56607}.Test|x86.ActiveCfg = Debug|Any CPU
		{CA3A5666-9B0F-BB4B-6133-5728D3A56607}.Test|x86.Build.0 = Debug|Any CPU
		{315A41B6-5E29-F254-B4C4-701809EC0BC9}.Debug|Any CPU.ActiveCfg = Debug|Any CPU
		{315A41B6-5E29-F254-B4C4-701809EC0BC9}.Debug|Any CPU.Build.0 = Debug|Any CPU
		{315A41B6-5E29-F254-B4C4-701809EC0BC9}.Debug|x86.ActiveCfg = Debug|Any CPU
		{315A41B6-5E29-F254-B4C4-701809EC0BC9}.Debug|x86.Build.0 = Debug|Any CPU
		{315A41B6-5E29-F254-B4C4-701809EC0BC9}.Release|Any CPU.ActiveCfg = Release|Any CPU
		{315A41B6-5E29-F254-B4C4-701809EC0BC9}.Release|Any CPU.Build.0 = Release|Any CPU
		{315A41B6-5E29-F254-B4C4-701809EC0BC9}.Release|x86.ActiveCfg = Release|Any CPU
		{315A41B6-5E29-F254-B4C4-701809EC0BC9}.Release|x86.Build.0 = Release|Any CPU
		{315A41B6-5E29-F254-B4C4-701809EC0BC9}.Test|Any CPU.ActiveCfg = Debug|Any CPU
		{315A41B6-5E29-F254-B4C4-701809EC0BC9}.Test|Any CPU.Build.0 = Debug|Any CPU
		{315A41B6-5E29-F254-B4C4-701809EC0BC9}.Test|x86.ActiveCfg = Debug|Any CPU
		{315A41B6-5E29-F254-B4C4-701809EC0BC9}.Test|x86.Build.0 = Debug|Any CPU
		{B1CA9D38-4E29-F60A-812F-09BCDFDF3FFA}.Debug|Any CPU.ActiveCfg = Debug|Any CPU
		{B1CA9D38-4E29-F60A-812F-09BCDFDF3FFA}.Debug|Any CPU.Build.0 = Debug|Any CPU
		{B1CA9D38-4E29-F60A-812F-09BCDFDF3FFA}.Debug|x86.ActiveCfg = Debug|Any CPU
		{B1CA9D38-4E29-F60A-812F-09BCDFDF3FFA}.Debug|x86.Build.0 = Debug|Any CPU
		{B1CA9D38-4E29-F60A-812F-09BCDFDF3FFA}.Release|Any CPU.ActiveCfg = Release|Any CPU
		{B1CA9D38-4E29-F60A-812F-09BCDFDF3FFA}.Release|Any CPU.Build.0 = Release|Any CPU
		{B1CA9D38-4E29-F60A-812F-09BCDFDF3FFA}.Release|x86.ActiveCfg = Release|Any CPU
		{B1CA9D38-4E29-F60A-812F-09BCDFDF3FFA}.Release|x86.Build.0 = Release|Any CPU
		{B1CA9D38-4E29-F60A-812F-09BCDFDF3FFA}.Test|Any CPU.ActiveCfg = Debug|Any CPU
		{B1CA9D38-4E29-F60A-812F-09BCDFDF3FFA}.Test|Any CPU.Build.0 = Debug|Any CPU
		{B1CA9D38-4E29-F60A-812F-09BCDFDF3FFA}.Test|x86.ActiveCfg = Debug|Any CPU
		{B1CA9D38-4E29-F60A-812F-09BCDFDF3FFA}.Test|x86.Build.0 = Debug|Any CPU
		{51716600-CCBD-F4E7-84DA-7067B6B038EC}.Debug|Any CPU.ActiveCfg = Debug|Any CPU
		{51716600-CCBD-F4E7-84DA-7067B6B038EC}.Debug|Any CPU.Build.0 = Debug|Any CPU
		{51716600-CCBD-F4E7-84DA-7067B6B038EC}.Debug|x86.ActiveCfg = Debug|Any CPU
		{51716600-CCBD-F4E7-84DA-7067B6B038EC}.Debug|x86.Build.0 = Debug|Any CPU
		{51716600-CCBD-F4E7-84DA-7067B6B038EC}.Release|Any CPU.ActiveCfg = Release|Any CPU
		{51716600-CCBD-F4E7-84DA-7067B6B038EC}.Release|Any CPU.Build.0 = Release|Any CPU
		{51716600-CCBD-F4E7-84DA-7067B6B038EC}.Release|x86.ActiveCfg = Release|Any CPU
		{51716600-CCBD-F4E7-84DA-7067B6B038EC}.Release|x86.Build.0 = Release|Any CPU
		{51716600-CCBD-F4E7-84DA-7067B6B038EC}.Test|Any CPU.ActiveCfg = Debug|Any CPU
		{51716600-CCBD-F4E7-84DA-7067B6B038EC}.Test|Any CPU.Build.0 = Debug|Any CPU
		{51716600-CCBD-F4E7-84DA-7067B6B038EC}.Test|x86.ActiveCfg = Debug|Any CPU
		{51716600-CCBD-F4E7-84DA-7067B6B038EC}.Test|x86.Build.0 = Debug|Any CPU
		{BA352ABF-2BD5-0042-631C-F4E6640509C3}.Debug|Any CPU.ActiveCfg = Debug|Any CPU
		{BA352ABF-2BD5-0042-631C-F4E6640509C3}.Debug|Any CPU.Build.0 = Debug|Any CPU
		{BA352ABF-2BD5-0042-631C-F4E6640509C3}.Debug|x86.ActiveCfg = Debug|Any CPU
		{BA352ABF-2BD5-0042-631C-F4E6640509C3}.Debug|x86.Build.0 = Debug|Any CPU
		{BA352ABF-2BD5-0042-631C-F4E6640509C3}.Release|Any CPU.ActiveCfg = Release|Any CPU
		{BA352ABF-2BD5-0042-631C-F4E6640509C3}.Release|Any CPU.Build.0 = Release|Any CPU
		{BA352ABF-2BD5-0042-631C-F4E6640509C3}.Release|x86.ActiveCfg = Release|Any CPU
		{BA352ABF-2BD5-0042-631C-F4E6640509C3}.Release|x86.Build.0 = Release|Any CPU
		{BA352ABF-2BD5-0042-631C-F4E6640509C3}.Test|Any CPU.ActiveCfg = Debug|Any CPU
		{BA352ABF-2BD5-0042-631C-F4E6640509C3}.Test|Any CPU.Build.0 = Debug|Any CPU
		{BA352ABF-2BD5-0042-631C-F4E6640509C3}.Test|x86.ActiveCfg = Debug|Any CPU
		{BA352ABF-2BD5-0042-631C-F4E6640509C3}.Test|x86.Build.0 = Debug|Any CPU
		{52243A9F-B351-1ADB-94B7-704296D66EB5}.Debug|Any CPU.ActiveCfg = Debug|Any CPU
		{52243A9F-B351-1ADB-94B7-704296D66EB5}.Debug|Any CPU.Build.0 = Debug|Any CPU
		{52243A9F-B351-1ADB-94B7-704296D66EB5}.Debug|x86.ActiveCfg = Debug|Any CPU
		{52243A9F-B351-1ADB-94B7-704296D66EB5}.Debug|x86.Build.0 = Debug|Any CPU
		{52243A9F-B351-1ADB-94B7-704296D66EB5}.Release|Any CPU.ActiveCfg = Release|Any CPU
		{52243A9F-B351-1ADB-94B7-704296D66EB5}.Release|Any CPU.Build.0 = Release|Any CPU
		{52243A9F-B351-1ADB-94B7-704296D66EB5}.Release|x86.ActiveCfg = Release|Any CPU
		{52243A9F-B351-1ADB-94B7-704296D66EB5}.Release|x86.Build.0 = Release|Any CPU
		{52243A9F-B351-1ADB-94B7-704296D66EB5}.Test|Any CPU.ActiveCfg = Debug|Any CPU
		{52243A9F-B351-1ADB-94B7-704296D66EB5}.Test|Any CPU.Build.0 = Debug|Any CPU
		{52243A9F-B351-1ADB-94B7-704296D66EB5}.Test|x86.ActiveCfg = Debug|Any CPU
		{52243A9F-B351-1ADB-94B7-704296D66EB5}.Test|x86.Build.0 = Debug|Any CPU
	EndGlobalSection
	GlobalSection(SolutionProperties) = preSolution
		HideSolutionNode = FALSE
	EndGlobalSection
	GlobalSection(ExtensibilityGlobals) = postSolution
		RESX_NeutralResourcesLanguage = de-DE
		SolutionGuid = {14EF393A-6F17-43F0-978D-30E9216EC8D0}
	EndGlobalSection
EndGlobal
