
Microsoft Visual Studio Solution File, Format Version 12.00
# Visual Studio Version 17
VisualStudioVersion = 17.14.36301.6 d17.14
MinimumVisualStudioVersion = 10.0.40219.1
Project("{FAE04EC0-301F-11D3-BF4B-00C04F79EFBC}") = "pncommon", "pncommon.csproj", "{A532CC1A-0549-46FB-C879-0ECD248C4D8D}"
EndProject
Global
	GlobalSection(SolutionConfigurationPlatforms) = preSolution
		Debug|Any CPU = Debug|Any CPU
		Release|Any CPU = Release|Any CPU
	EndGlobalSection
	GlobalSection(ProjectConfigurationPlatforms) = postSolution
		{A532CC1A-0549-46FB-C879-0ECD248C4D8D}.Debug|Any CPU.ActiveCfg = Debug|Any CPU
		{A532CC1A-0549-46FB-C879-0ECD248C4D8D}.Debug|Any CPU.Build.0 = Debug|Any CPU
		{A532CC1A-0549-46FB-C879-0ECD248C4D8D}.Release|Any CPU.ActiveCfg = Release|Any CPU
		{A532CC1A-0549-46FB-C879-0ECD248C4D8D}.Release|Any CPU.Build.0 = Release|Any CPU
	EndGlobalSection
	GlobalSection(SolutionProperties) = preSolution
		HideSolutionNode = FALSE
	EndGlobalSection
	GlobalSection(ExtensibilityGlobals) = postSolution
		SolutionGuid = {2F1F3DC4-F205-4ECC-844C-426F8F558207}
	EndGlobalSection
EndGlobal
