
Microsoft Visual Studio Solution File, Format Version 12.00
# Visual Studio Version 17
VisualStudioVersion = 17.14.36301.6 d17.14
MinimumVisualStudioVersion = 10.0.40219.1
Project("{FAE04EC0-301F-11D3-BF4B-00C04F79EFBC}") = "WiCAM.Pn4000.GuiWpf", "WiCAM.Pn4000.GuiWpf.csproj", "{ACAAEC51-2E40-826D-DC87-03972F345824}"
EndProject
Global
	GlobalSection(SolutionConfigurationPlatforms) = preSolution
		Debug|Any CPU = Debug|Any CPU
		Release|Any CPU = Release|Any CPU
	EndGlobalSection
	GlobalSection(ProjectConfigurationPlatforms) = postSolution
		{ACAAEC51-2E40-826D-DC87-03972F345824}.Debug|Any CPU.ActiveCfg = Debug|Any CPU
		{ACAAEC51-2E40-826D-DC87-03972F345824}.Debug|Any CPU.Build.0 = Debug|Any CPU
		{ACAAEC51-2E40-826D-DC87-03972F345824}.Release|Any CPU.ActiveCfg = Release|Any CPU
		{ACAAEC51-2E40-826D-DC87-03972F345824}.Release|Any CPU.Build.0 = Release|Any CPU
	EndGlobalSection
	GlobalSection(SolutionProperties) = preSolution
		HideSolutionNode = FALSE
	EndGlobalSection
	GlobalSection(ExtensibilityGlobals) = postSolution
		SolutionGuid = {4D342064-E89F-4485-B7DB-EE804DED6835}
	EndGlobalSection
EndGlobal
