
Microsoft Visual Studio Solution File, Format Version 12.00
# Visual Studio Version 17
VisualStudioVersion = 17.14.36301.6 d17.14
MinimumVisualStudioVersion = 10.0.40219.1
Project("{FAE04EC0-301F-11D3-BF4B-00C04F79EFBC}") = "WiCAM.Pn4000.BendDoc", "WiCAM.Pn4000.BendDoc.csproj", "{E38CAF05-40FC-5543-DF02-3F140068A18F}"
EndProject
Global
	GlobalSection(SolutionConfigurationPlatforms) = preSolution
		Debug|Any CPU = Debug|Any CPU
		Release|Any CPU = Release|Any CPU
	EndGlobalSection
	GlobalSection(ProjectConfigurationPlatforms) = postSolution
		{E38CAF05-40FC-5543-DF02-3F140068A18F}.Debug|Any CPU.ActiveCfg = Debug|Any CPU
		{E38CAF05-40FC-5543-DF02-3F140068A18F}.Debug|Any CPU.Build.0 = Debug|Any CPU
		{E38CAF05-40FC-5543-DF02-3F140068A18F}.Release|Any CPU.ActiveCfg = Release|Any CPU
		{E38CAF05-40FC-5543-DF02-3F140068A18F}.Release|Any CPU.Build.0 = Release|Any CPU
	EndGlobalSection
	GlobalSection(SolutionProperties) = preSolution
		HideSolutionNode = FALSE
	EndGlobalSection
	GlobalSection(ExtensibilityGlobals) = postSolution
		SolutionGuid = {6B6112F5-6AFE-44FE-9FAD-B7637561FD2D}
	EndGlobalSection
EndGlobal
