
Microsoft Visual Studio Solution File, Format Version 12.00
# Visual Studio Version 17
VisualStudioVersion = 17.14.36301.6 d17.14
MinimumVisualStudioVersion = 10.0.40219.1
Project("{FAE04EC0-301F-11D3-BF4B-00C04F79EFBC}") = "WiCAM.Pn4000.PKernelFlow", "WiCAM.Pn4000.PKernelFlow.csproj", "{3FFF6BA5-D3F1-9ECE-761C-56F8DE978AEA}"
EndProject
Global
	GlobalSection(SolutionConfigurationPlatforms) = preSolution
		Debug|Any CPU = Debug|Any CPU
		Release|Any CPU = Release|Any CPU
	EndGlobalSection
	GlobalSection(ProjectConfigurationPlatforms) = postSolution
		{3FFF6BA5-D3F1-9ECE-761C-56F8DE978AEA}.Debug|Any CPU.ActiveCfg = Debug|Any CPU
		{3FFF6BA5-D3F1-9ECE-761C-56F8DE978AEA}.Debug|Any CPU.Build.0 = Debug|Any CPU
		{3FFF6BA5-D3F1-9ECE-761C-56F8DE978AEA}.Release|Any CPU.ActiveCfg = Release|Any CPU
		{3FFF6BA5-D3F1-9ECE-761C-56F8DE978AEA}.Release|Any CPU.Build.0 = Release|Any CPU
	EndGlobalSection
	GlobalSection(SolutionProperties) = preSolution
		HideSolutionNode = FALSE
	EndGlobalSection
	GlobalSection(ExtensibilityGlobals) = postSolution
		SolutionGuid = {4046A991-F241-4ED3-B9F6-9CFAF197AEA3}
	EndGlobalSection
EndGlobal
