
Microsoft Visual Studio Solution File, Format Version 12.00
# Visual Studio Version 17
VisualStudioVersion = 17.14.36301.6 d17.14
MinimumVisualStudioVersion = 10.0.40219.1
Project("{FAE04EC0-301F-11D3-BF4B-00C04F79EFBC}") = "WiCAM.Pn4000.Contracts", "WiCAM.Pn4000.Contracts.csproj", "{0352458E-EB3D-F2D8-B122-676E86EFCCF4}"
EndProject
Global
	GlobalSection(SolutionConfigurationPlatforms) = preSolution
		Debug|Any CPU = Debug|Any CPU
		Release|Any CPU = Release|Any CPU
	EndGlobalSection
	GlobalSection(ProjectConfigurationPlatforms) = postSolution
		{0352458E-EB3D-F2D8-B122-676E86EFCCF4}.Debug|Any CPU.ActiveCfg = Debug|Any CPU
		{0352458E-EB3D-F2D8-B122-676E86EFCCF4}.Debug|Any CPU.Build.0 = Debug|Any CPU
		{0352458E-EB3D-F2D8-B122-676E86EFCCF4}.Release|Any CPU.ActiveCfg = Release|Any CPU
		{0352458E-EB3D-F2D8-B122-676E86EFCCF4}.Release|Any CPU.Build.0 = Release|Any CPU
	EndGlobalSection
	GlobalSection(SolutionProperties) = preSolution
		HideSolutionNode = FALSE
	EndGlobalSection
	GlobalSection(ExtensibilityGlobals) = postSolution
		SolutionGuid = {38B424BF-EC04-427A-AB14-F5D1C331BCE2}
	EndGlobalSection
EndGlobal
